Microsoft Visual Studio Solution File, Format Version 12.00
# Visual Studio Version 17
VisualStudioVersion = 17.5.2.0
MinimumVisualStudioVersion = 10.0.40219.1
Project("{FAE04EC0-301F-11D3-BF4B-00C04F79EFBC}") = "htmlMvcApp", "htmlMvcApp.csproj", "{DED73C41-51F1-E477-E82C-D8F9ED394F87}"
EndProject
Global
	GlobalSection(SolutionConfigurationPlatforms) = preSolution
		Debug|Any CPU = Debug|Any CPU
		Release|Any CPU = Release|Any CPU
	EndGlobalSection
	GlobalSection(ProjectConfigurationPlatforms) = postSolution
		{DED73C41-51F1-E477-E82C-D8F9ED394F87}.Debug|Any CPU.ActiveCfg = Debug|Any CPU
		{DED73C41-51F1-E477-E82C-D8F9ED394F87}.Debug|Any CPU.Build.0 = Debug|Any CPU
		{DED73C41-51F1-E477-E82C-D8F9ED394F87}.Release|Any CPU.ActiveCfg = Release|Any CPU
		{DED73C41-51F1-E477-E82C-D8F9ED394F87}.Release|Any CPU.Build.0 = Release|Any CPU
	EndGlobalSection
	GlobalSection(SolutionProperties) = preSolution
		HideSolutionNode = FALSE
	EndGlobalSection
	GlobalSection(ExtensibilityGlobals) = postSolution
		SolutionGuid = {3DAB47EE-DDDF-41A5-BD81-55E31E2A5127}
	EndGlobalSection
EndGlobal
